
Microsoft Visual Studio Solution File, Format Version 12.00
# Visual Studio Version 17
VisualStudioVersion = 17.0.32014.148
MinimumVisualStudioVersion = 10.0.40219.1
Project("{FAE04EC0-301F-11D3-BF4B-00C04F79EFBC}") = "JokesWebApp", "JokesWebApp\JokesWebApp.csproj", "{90A71B66-8A02-4CCD-BDA6-2BE1BF5B65FD}"
EndProject
Global
	GlobalSection(SolutionConfigurationPlatforms) = preSolution
		Debug|Any CPU = Debug|Any CPU
		Release|Any CPU = Release|Any CPU
	EndGlobalSection
	GlobalSection(ProjectConfigurationPlatforms) = postSolution
		{90A71B66-8A02-4CCD-BDA6-2BE1BF5B65FD}.Debug|Any CPU.ActiveCfg = Debug|Any CPU
		{90A71B66-8A02-4CCD-BDA6-2BE1BF5B65FD}.Debug|Any CPU.Build.0 = Debug|Any CPU
		{90A71B66-8A02-4CCD-BDA6-2BE1BF5B65FD}.Release|Any CPU.ActiveCfg = Release|Any CPU
		{90A71B66-8A02-4CCD-BDA6-2BE1BF5B65FD}.Release|Any CPU.Build.0 = Release|Any CPU
	EndGlobalSection
	GlobalSection(SolutionProperties) = preSolution
		HideSolutionNode = FALSE
	EndGlobalSection
	GlobalSection(ExtensibilityGlobals) = postSolution
		SolutionGuid = {28147B75-7F53-4EB8-B934-245C3284F1B3}
	EndGlobalSection
EndGlobal
